
Microsoft Visual Studio Solution File, Format Version 12.00
#
Project("{FAE04EC0-301F-11D3-BF4B-00C04F79EFBC}") = "subscriptionManager.Application", "subscriptionManager.Application\subscriptionManager.Application.csproj", "{C40DBD7C-E358-4AEE-97A7-6F3DB93A4DEF}"
EndProject
Project("{FAE04EC0-301F-11D3-BF4B-00C04F79EFBC}") = "SubscriptionManager.Domain", "SubscriptionManager.Domain\SubscriptionManager.Domain.csproj", "{112B543F-CFE1-4018-AD62-B3CC721B2B67}"
EndProject
Project("{FAE04EC0-301F-11D3-BF4B-00C04F79EFBC}") = "SubscriptionManager.Infrastructure", "SubscriptionManager.Infrastructure\SubscriptionManager.Infrastructure.csproj", "{8EF52BE0-DAAE-4595-B481-89B3B0B22267}"
EndProject
Project("{FAE04EC0-301F-11D3-BF4B-00C04F79EFBC}") = "SubscriptionManager.API", "SubscriptionManager.API\SubscriptionManager.API.csproj", "{B18AD6BB-4BB7-4807-A932-6CCEF62A3877}"
EndProject
Project("{FAE04EC0-301F-11D3-BF4B-00C04F79EFBC}") = "SubscriptionManager.Tests", "SubscriptionManager.Tests\SubscriptionManager.Tests.csproj", "{9CDFBC48-8F91-490D-B3D3-F85194D3BEDB}"
EndProject
Project("{FAE04EC0-301F-11D3-BF4B-00C04F79EFBC}") = "SubscriptionManager.IntegrationTests", "SubscriptionManager.IntegrationTests\SubscriptionManager.IntegrationTests.csproj", "{C3ACFF2D-89B5-49CB-8162-9BB7E0675B86}"
EndProject
Global
	GlobalSection(SolutionConfigurationPlatforms) = preSolution
		Debug|Any CPU = Debug|Any CPU
		Release|Any CPU = Release|Any CPU
	EndGlobalSection
	GlobalSection(ProjectConfigurationPlatforms) = postSolution
		{C40DBD7C-E358-4AEE-97A7-6F3DB93A4DEF}.Debug|Any CPU.ActiveCfg = Debug|Any CPU
		{C40DBD7C-E358-4AEE-97A7-6F3DB93A4DEF}.Debug|Any CPU.Build.0 = Debug|Any CPU
		{C40DBD7C-E358-4AEE-97A7-6F3DB93A4DEF}.Release|Any CPU.ActiveCfg = Release|Any CPU
		{C40DBD7C-E358-4AEE-97A7-6F3DB93A4DEF}.Release|Any CPU.Build.0 = Release|Any CPU
		{112B543F-CFE1-4018-AD62-B3CC721B2B67}.Debug|Any CPU.ActiveCfg = Debug|Any CPU
		{112B543F-CFE1-4018-AD62-B3CC721B2B67}.Debug|Any CPU.Build.0 = Debug|Any CPU
		{112B543F-CFE1-4018-AD62-B3CC721B2B67}.Release|Any CPU.ActiveCfg = Release|Any CPU
		{112B543F-CFE1-4018-AD62-B3CC721B2B67}.Release|Any CPU.Build.0 = Release|Any CPU
		{8EF52BE0-DAAE-4595-B481-89B3B0B22267}.Debug|Any CPU.ActiveCfg = Debug|Any CPU
		{8EF52BE0-DAAE-4595-B481-89B3B0B22267}.Debug|Any CPU.Build.0 = Debug|Any CPU
		{8EF52BE0-DAAE-4595-B481-89B3B0B22267}.Release|Any CPU.ActiveCfg = Release|Any CPU
		{8EF52BE0-DAAE-4595-B481-89B3B0B22267}.Release|Any CPU.Build.0 = Release|Any CPU
		{B18AD6BB-4BB7-4807-A932-6CCEF62A3877}.Debug|Any CPU.ActiveCfg = Debug|Any CPU
		{B18AD6BB-4BB7-4807-A932-6CCEF62A3877}.Debug|Any CPU.Build.0 = Debug|Any CPU
		{B18AD6BB-4BB7-4807-A932-6CCEF62A3877}.Release|Any CPU.ActiveCfg = Release|Any CPU
		{B18AD6BB-4BB7-4807-A932-6CCEF62A3877}.Release|Any CPU.Build.0 = Release|Any CPU
		{9CDFBC48-8F91-490D-B3D3-F85194D3BEDB}.Debug|Any CPU.ActiveCfg = Debug|Any CPU
		{9CDFBC48-8F91-490D-B3D3-F85194D3BEDB}.Debug|Any CPU.Build.0 = Debug|Any CPU
		{9CDFBC48-8F91-490D-B3D3-F85194D3BEDB}.Release|Any CPU.ActiveCfg = Release|Any CPU
		{9CDFBC48-8F91-490D-B3D3-F85194D3BEDB}.Release|Any CPU.Build.0 = Release|Any CPU
		{C3ACFF2D-89B5-49CB-8162-9BB7E0675B86}.Debug|Any CPU.ActiveCfg = Debug|Any CPU
		{C3ACFF2D-89B5-49CB-8162-9BB7E0675B86}.Debug|Any CPU.Build.0 = Debug|Any CPU
		{C3ACFF2D-89B5-49CB-8162-9BB7E0675B86}.Release|Any CPU.ActiveCfg = Release|Any CPU
		{C3ACFF2D-89B5-49CB-8162-9BB7E0675B86}.Release|Any CPU.Build.0 = Release|Any CPU
	EndGlobalSection
EndGlobal
